// !$*UTF8*$!
{
	archiveVersion = 1;
	classes = {
	};
	objectVersion = 46;
	objects = {

/* Begin PBXBuildFile section */
		051DFF491EC55032009A4319 /* NSDate+ShellKit.h in Headers */ = {isa = PBXBuildFile; fileRef = 051DFF471EC55032009A4319 /* NSDate+ShellKit.h */; settings = {ATTRIBUTES = (Public, ); }; };
		051DFF4A1EC55032009A4319 /* NSDate+ShellKit.m in Sources */ = {isa = PBXBuildFile; fileRef = 051DFF481EC55032009A4319 /* NSDate+ShellKit.m */; };
		051DFF4B1EC55040009A4319 /* NSDate+ShellKit.m in Sources */ = {isa = PBXBuildFile; fileRef = 051DFF481EC55032009A4319 /* NSDate+ShellKit.m */; };
		054B003A1EC4E8D20032B500 /* SKObject.h in Headers */ = {isa = PBXBuildFile; fileRef = 054B002D1EC4E8D20032B500 /* SKObject.h */; settings = {ATTRIBUTES = (Public, ); }; };
		054B003C1EC4E8D20032B500 /* SKObject.m in Sources */ = {isa = PBXBuildFile; fileRef = 054B002E1EC4E8D20032B500 /* SKObject.m */; };
		054B003D1EC4E8D20032B500 /* SKObject.m in Sources */ = {isa = PBXBuildFile; fileRef = 054B002E1EC4E8D20032B500 /* SKObject.m */; };
		054B003E1EC4E8D20032B500 /* SKRunableObject.h in Headers */ = {isa = PBXBuildFile; fileRef = 054B002F1EC4E8D20032B500 /* SKRunableObject.h */; settings = {ATTRIBUTES = (Public, ); }; };
		054B00401EC4E8D20032B500 /* SKShell.h in Headers */ = {isa = PBXBuildFile; fileRef = 054B00301EC4E8D20032B500 /* SKShell.h */; settings = {ATTRIBUTES = (Public, ); }; };
		054B00421EC4E8D20032B500 /* SKShell.m in Sources */ = {isa = PBXBuildFile; fileRef = 054B00311EC4E8D20032B500 /* SKShell.m */; };
		054B00431EC4E8D20032B500 /* SKShell.m in Sources */ = {isa = PBXBuildFile; fileRef = 054B00311EC4E8D20032B500 /* SKShell.m */; };
		054B00441EC4E8D20032B500 /* SKTask.h in Headers */ = {isa = PBXBuildFile; fileRef = 054B00321EC4E8D20032B500 /* SKTask.h */; settings = {ATTRIBUTES = (Public, ); }; };
		054B00461EC4E8D20032B500 /* SKTask.m in Sources */ = {isa = PBXBuildFile; fileRef = 054B00331EC4E8D20032B500 /* SKTask.m */; };
		054B00471EC4E8D20032B500 /* SKTask.m in Sources */ = {isa = PBXBuildFile; fileRef = 054B00331EC4E8D20032B500 /* SKTask.m */; };
		054B00481EC4E8D20032B500 /* SKTaskGroup.h in Headers */ = {isa = PBXBuildFile; fileRef = 054B00341EC4E8D20032B500 /* SKTaskGroup.h */; settings = {ATTRIBUTES = (Public, ); }; };
		054B004A1EC4E8D20032B500 /* SKTaskGroup.m in Sources */ = {isa = PBXBuildFile; fileRef = 054B00351EC4E8D20032B500 /* SKTaskGroup.m */; };
		054B004B1EC4E8D20032B500 /* SKTaskGroup.m in Sources */ = {isa = PBXBuildFile; fileRef = 054B00351EC4E8D20032B500 /* SKTaskGroup.m */; };
		054B004E1EC4EA050032B500 /* NSString+ShellKit.h in Headers */ = {isa = PBXBuildFile; fileRef = 054B004C1EC4EA050032B500 /* NSString+ShellKit.h */; settings = {ATTRIBUTES = (Public, ); }; };
		054B00501EC4EA050032B500 /* NSString+ShellKit.m in Sources */ = {isa = PBXBuildFile; fileRef = 054B004D1EC4EA050032B500 /* NSString+ShellKit.m */; };
		054B00511EC4EA050032B500 /* NSString+ShellKit.m in Sources */ = {isa = PBXBuildFile; fileRef = 054B004D1EC4EA050032B500 /* NSString+ShellKit.m */; };
		054B00541EC4EA950032B500 /* SKTypes.h in Headers */ = {isa = PBXBuildFile; fileRef = 054B00521EC4EA950032B500 /* SKTypes.h */; settings = {ATTRIBUTES = (Public, ); }; };
		054B00561EC4ECA60032B500 /* libcurses.tbd in Frameworks */ = {isa = PBXBuildFile; fileRef = 05C35D8A1EC3D0F500F373E7 /* libcurses.tbd */; };
		058F79171EC5FA53007CFF3A /* ShellKit.h in Headers */ = {isa = PBXBuildFile; fileRef = 058F79161EC5FA53007CFF3A /* ShellKit.h */; settings = {ATTRIBUTES = (Public, ); }; };
		058F79231EC610FE007CFF3A /* SKOptionalTask.h in Headers */ = {isa = PBXBuildFile; fileRef = 058F79211EC610FE007CFF3A /* SKOptionalTask.h */; settings = {ATTRIBUTES = (Public, ); }; };
		058F79241EC610FE007CFF3A /* SKOptionalTask.m in Sources */ = {isa = PBXBuildFile; fileRef = 058F79221EC610FE007CFF3A /* SKOptionalTask.m */; };
		058F79251EC61144007CFF3A /* SKOptionalTask.m in Sources */ = {isa = PBXBuildFile; fileRef = 058F79221EC610FE007CFF3A /* SKOptionalTask.m */; };
		05CF703D1EC4FE2C00A39841 /* main.m in Sources */ = {isa = PBXBuildFile; fileRef = 05CF703C1EC4FE2C00A39841 /* main.m */; };
		05CF70451EC5003D00A39841 /* Foundation.framework in Frameworks */ = {isa = PBXBuildFile; fileRef = 05CF70441EC5003D00A39841 /* Foundation.framework */; };
		05CF70461EC5004800A39841 /* Foundation.framework in Frameworks */ = {isa = PBXBuildFile; fileRef = 05CF70441EC5003D00A39841 /* Foundation.framework */; };
		05CF70471EC505D200A39841 /* libcurses.tbd in Frameworks */ = {isa = PBXBuildFile; fileRef = 05C35D8A1EC3D0F500F373E7 /* libcurses.tbd */; };
		05CF70481EC505D700A39841 /* libShellKit-Static.a in Frameworks */ = {isa = PBXBuildFile; fileRef = 054BFFFB1EC4E6670032B500 /* libShellKit-Static.a */; };
/* End PBXBuildFile section */

/* Begin PBXContainerItemProxy section */
		05CF70411EC4FE4600A39841 /* PBXContainerItemProxy */ = {
			isa = PBXContainerItemProxy;
			containerPortal = 05BD894A1A13FF4700A43CD8 /* Project object */;
			proxyType = 1;
			remoteGlobalIDString = 054BFFED1EC4E60B0032B500;
			remoteInfo = ShellKit;
		};
/* End PBXContainerItemProxy section */

/* Begin PBXCopyFilesBuildPhase section */
		05CF70381EC4FE2C00A39841 /* CopyFiles */ = {
			isa = PBXCopyFilesBuildPhase;
			buildActionMask = 2147483647;
			dstPath = /usr/share/man/man1/;
			dstSubfolderSpec = 0;
			files = (
			);
			runOnlyForDeploymentPostprocessing = 1;
		};
/* End PBXCopyFilesBuildPhase section */

/* Begin PBXFileReference section */
		05110D041C1F121C00EE6851 /* LICENSE */ = {isa = PBXFileReference; fileEncoding = 4; lastKnownFileType = text; path = LICENSE; sourceTree = "<group>"; };
		05110D051C1F121C00EE6851 /* README.md */ = {isa = PBXFileReference; fileEncoding = 4; lastKnownFileType = net.daringfireball.markdown; path = README.md; sourceTree = "<group>"; };
		051DFF471EC55032009A4319 /* NSDate+ShellKit.h */ = {isa = PBXFileReference; fileEncoding = 4; lastKnownFileType = sourcecode.c.h; path = "NSDate+ShellKit.h"; sourceTree = "<group>"; };
		051DFF481EC55032009A4319 /* NSDate+ShellKit.m */ = {isa = PBXFileReference; fileEncoding = 4; lastKnownFileType = sourcecode.c.objc; path = "NSDate+ShellKit.m"; sourceTree = "<group>"; };
		054B002D1EC4E8D20032B500 /* SKObject.h */ = {isa = PBXFileReference; fileEncoding = 4; lastKnownFileType = sourcecode.c.h; path = SKObject.h; sourceTree = "<group>"; };
		054B002E1EC4E8D20032B500 /* SKObject.m */ = {isa = PBXFileReference; fileEncoding = 4; lastKnownFileType = sourcecode.c.objc; path = SKObject.m; sourceTree = "<group>"; };
		054B002F1EC4E8D20032B500 /* SKRunableObject.h */ = {isa = PBXFileReference; fileEncoding = 4; lastKnownFileType = sourcecode.c.h; path = SKRunableObject.h; sourceTree = "<group>"; };
		054B00301EC4E8D20032B500 /* SKShell.h */ = {isa = PBXFileReference; fileEncoding = 4; lastKnownFileType = sourcecode.c.h; path = SKShell.h; sourceTree = "<group>"; };
		054B00311EC4E8D20032B500 /* SKShell.m */ = {isa = PBXFileReference; fileEncoding = 4; lastKnownFileType = sourcecode.c.objc; path = SKShell.m; sourceTree = "<group>"; };
		054B00321EC4E8D20032B500 /* SKTask.h */ = {isa = PBXFileReference; fileEncoding = 4; lastKnownFileType = sourcecode.c.h; path = SKTask.h; sourceTree = "<group>"; };
		054B00331EC4E8D20032B500 /* SKTask.m */ = {isa = PBXFileReference; fileEncoding = 4; lastKnownFileType = sourcecode.c.objc; path = SKTask.m; sourceTree = "<group>"; };
		054B00341EC4E8D20032B500 /* SKTaskGroup.h */ = {isa = PBXFileReference; fileEncoding = 4; lastKnownFileType = sourcecode.c.h; path = SKTaskGroup.h; sourceTree = "<group>"; };
		054B00351EC4E8D20032B500 /* SKTaskGroup.m */ = {isa = PBXFileReference; fileEncoding = 4; lastKnownFileType = sourcecode.c.objc; path = SKTaskGroup.m; sourceTree = "<group>"; };
		054B004C1EC4EA050032B500 /* NSString+ShellKit.h */ = {isa = PBXFileReference; fileEncoding = 4; lastKnownFileType = sourcecode.c.h; path = "NSString+ShellKit.h"; sourceTree = "<group>"; };
		054B004D1EC4EA050032B500 /* NSString+ShellKit.m */ = {isa = PBXFileReference; fileEncoding = 4; lastKnownFileType = sourcecode.c.objc; path = "NSString+ShellKit.m"; sourceTree = "<group>"; };
		054B00521EC4EA950032B500 /* SKTypes.h */ = {isa = PBXFileReference; fileEncoding = 4; lastKnownFileType = sourcecode.c.h; path = SKTypes.h; sourceTree = "<group>"; };
		054BFFEE1EC4E60B0032B500 /* ShellKit.framework */ = {isa = PBXFileReference; explicitFileType = wrapper.framework; includeInIndex = 0; path = ShellKit.framework; sourceTree = BUILT_PRODUCTS_DIR; };
		054BFFF11EC4E60B0032B500 /* Info.plist */ = {isa = PBXFileReference; lastKnownFileType = text.plist.xml; path = Info.plist; sourceTree = "<group>"; };
		054BFFFB1EC4E6670032B500 /* libShellKit-Static.a */ = {isa = PBXFileReference; explicitFileType = archive.ar; includeInIndex = 0; path = "libShellKit-Static.a"; sourceTree = BUILT_PRODUCTS_DIR; };
		05600C841ECA2D100085BDD1 /* Makefile */ = {isa = PBXFileReference; fileEncoding = 4; lastKnownFileType = sourcecode.make; path = Makefile; sourceTree = "<group>"; };
		05600C891ECA2F9B0085BDD1 /* Home.inc.php */ = {isa = PBXFileReference; lastKnownFileType = text.script.php; path = Home.inc.php; sourceTree = "<group>"; };
		058F79161EC5FA53007CFF3A /* ShellKit.h */ = {isa = PBXFileReference; fileEncoding = 4; lastKnownFileType = sourcecode.c.h; path = ShellKit.h; sourceTree = "<group>"; };
		058F79211EC610FE007CFF3A /* SKOptionalTask.h */ = {isa = PBXFileReference; fileEncoding = 4; lastKnownFileType = sourcecode.c.h; path = SKOptionalTask.h; sourceTree = "<group>"; };
		058F79221EC610FE007CFF3A /* SKOptionalTask.m */ = {isa = PBXFileReference; fileEncoding = 4; lastKnownFileType = sourcecode.c.objc; path = SKOptionalTask.m; sourceTree = "<group>"; };
		05C35D8A1EC3D0F500F373E7 /* libcurses.tbd */ = {isa = PBXFileReference; lastKnownFileType = "sourcecode.text-based-dylib-definition"; name = libcurses.tbd; path = usr/lib/libcurses.tbd; sourceTree = SDKROOT; };
		05CF703A1EC4FE2C00A39841 /* ShellKit-Test */ = {isa = PBXFileReference; explicitFileType = "compiled.mach-o.executable"; includeInIndex = 0; path = "ShellKit-Test"; sourceTree = BUILT_PRODUCTS_DIR; };
		05CF703C1EC4FE2C00A39841 /* main.m */ = {isa = PBXFileReference; lastKnownFileType = sourcecode.c.objc; path = main.m; sourceTree = "<group>"; };
		05CF70441EC5003D00A39841 /* Foundation.framework */ = {isa = PBXFileReference; lastKnownFileType = wrapper.framework; name = Foundation.framework; path = System/Library/Frameworks/Foundation.framework; sourceTree = SDKROOT; };
		05CFB82C1EC30AF70020A075 /* Cocoa.framework */ = {isa = PBXFileReference; lastKnownFileType = wrapper.framework; name = Cocoa.framework; path = System/Library/Frameworks/Cocoa.framework; sourceTree = SDKROOT; };
/* End PBXFileReference section */

/* Begin PBXFrameworksBuildPhase section */
		054BFFEA1EC4E60B0032B500 /* Frameworks */ = {
			isa = PBXFrameworksBuildPhase;
			buildActionMask = 2147483647;
			files = (
				05CF70451EC5003D00A39841 /* Foundation.framework in Frameworks */,
				054B00561EC4ECA60032B500 /* libcurses.tbd in Frameworks */,
			);
			runOnlyForDeploymentPostprocessing = 0;
		};
		054BFFF81EC4E6670032B500 /* Frameworks */ = {
			isa = PBXFrameworksBuildPhase;
			buildActionMask = 2147483647;
			files = (
			);
			runOnlyForDeploymentPostprocessing = 0;
		};
		05CF70371EC4FE2C00A39841 /* Frameworks */ = {
			isa = PBXFrameworksBuildPhase;
			buildActionMask = 2147483647;
			files = (
				05CF70481EC505D700A39841 /* libShellKit-Static.a in Frameworks */,
				05CF70471EC505D200A39841 /* libcurses.tbd in Frameworks */,
				05CF70461EC5004800A39841 /* Foundation.framework in Frameworks */,
			);
			runOnlyForDeploymentPostprocessing = 0;
		};
/* End PBXFrameworksBuildPhase section */

/* Begin PBXGroup section */
		050B83E21EB919CB0090EA12 /* Frameworks */ = {
			isa = PBXGroup;
			children = (
				05CF70441EC5003D00A39841 /* Foundation.framework */,
				05C35D8A1EC3D0F500F373E7 /* libcurses.tbd */,
				05CFB82C1EC30AF70020A075 /* Cocoa.framework */,
			);
			name = Frameworks;
			sourceTree = "<group>";
		};
		054B002A1EC4E8D20032B500 /* ShellKit */ = {
			isa = PBXGroup;
			children = (
				051DFF471EC55032009A4319 /* NSDate+ShellKit.h */,
				051DFF481EC55032009A4319 /* NSDate+ShellKit.m */,
				054B004C1EC4EA050032B500 /* NSString+ShellKit.h */,
				054B004D1EC4EA050032B500 /* NSString+ShellKit.m */,
				058F79161EC5FA53007CFF3A /* ShellKit.h */,
				054B002D1EC4E8D20032B500 /* SKObject.h */,
				054B002E1EC4E8D20032B500 /* SKObject.m */,
				058F79211EC610FE007CFF3A /* SKOptionalTask.h */,
				058F79221EC610FE007CFF3A /* SKOptionalTask.m */,
				054B002F1EC4E8D20032B500 /* SKRunableObject.h */,
				054B00301EC4E8D20032B500 /* SKShell.h */,
				054B00311EC4E8D20032B500 /* SKShell.m */,
				054B00321EC4E8D20032B500 /* SKTask.h */,
				054B00331EC4E8D20032B500 /* SKTask.m */,
				054B00341EC4E8D20032B500 /* SKTaskGroup.h */,
				054B00351EC4E8D20032B500 /* SKTaskGroup.m */,
				054B00521EC4EA950032B500 /* SKTypes.h */,
			);
			path = ShellKit;
			sourceTree = "<group>";
		};
		054BFFEF1EC4E60B0032B500 /* ShellKit */ = {
			isa = PBXGroup;
			children = (
				054BFFF11EC4E60B0032B500 /* Info.plist */,
				054BFFF61EC4E61D0032B500 /* Classes */,
			);
			path = ShellKit;
			sourceTree = "<group>";
		};
		054BFFF61EC4E61D0032B500 /* Classes */ = {
			isa = PBXGroup;
			children = (
				054B002A1EC4E8D20032B500 /* ShellKit */,
			);
			path = Classes;
			sourceTree = "<group>";
		};
		05600C811ECA2D100085BDD1 /* Documentation */ = {
			isa = PBXGroup;
			children = (
				05600C841ECA2D100085BDD1 /* Makefile */,
				05600C881ECA2F9B0085BDD1 /* Pages */,
			);
			path = Documentation;
			sourceTree = "<group>";
		};
		05600C881ECA2F9B0085BDD1 /* Pages */ = {
			isa = PBXGroup;
			children = (
				05600C891ECA2F9B0085BDD1 /* Home.inc.php */,
			);
			path = Pages;
			sourceTree = "<group>";
		};
		05BD89491A13FF4700A43CD8 = {
			isa = PBXGroup;
			children = (
				05110D041C1F121C00EE6851 /* LICENSE */,
				05110D051C1F121C00EE6851 /* README.md */,
				054BFFEF1EC4E60B0032B500 /* ShellKit */,
				05CF703B1EC4FE2C00A39841 /* ShellKit-Test */,
				05600C811ECA2D100085BDD1 /* Documentation */,
				05BD89531A13FF4700A43CD8 /* Products */,
				050B83E21EB919CB0090EA12 /* Frameworks */,
			);
			sourceTree = "<group>";
		};
		05BD89531A13FF4700A43CD8 /* Products */ = {
			isa = PBXGroup;
			children = (
				054BFFEE1EC4E60B0032B500 /* ShellKit.framework */,
				054BFFFB1EC4E6670032B500 /* libShellKit-Static.a */,
				05CF703A1EC4FE2C00A39841 /* ShellKit-Test */,
			);
			name = Products;
			sourceTree = "<group>";
		};
		05CF703B1EC4FE2C00A39841 /* ShellKit-Test */ = {
			isa = PBXGroup;
			children = (
				05CF703C1EC4FE2C00A39841 /* main.m */,
			);
			path = "ShellKit-Test";
			sourceTree = "<group>";
		};
/* End PBXGroup section */

/* Begin PBXHeadersBuildPhase section */
		054BFFEB1EC4E60B0032B500 /* Headers */ = {
			isa = PBXHeadersBuildPhase;
			buildActionMask = 2147483647;
			files = (
				054B00401EC4E8D20032B500 /* SKShell.h in Headers */,
				054B00441EC4E8D20032B500 /* SKTask.h in Headers */,
				054B003A1EC4E8D20032B500 /* SKObject.h in Headers */,
				054B003E1EC4E8D20032B500 /* SKRunableObject.h in Headers */,
				054B004E1EC4EA050032B500 /* NSString+ShellKit.h in Headers */,
				058F79231EC610FE007CFF3A /* SKOptionalTask.h in Headers */,
				054B00541EC4EA950032B500 /* SKTypes.h in Headers */,
				051DFF491EC55032009A4319 /* NSDate+ShellKit.h in Headers */,
				058F79171EC5FA53007CFF3A /* ShellKit.h in Headers */,
				054B00481EC4E8D20032B500 /* SKTaskGroup.h in Headers */,
			);
			runOnlyForDeploymentPostprocessing = 0;
		};
		054BFFF91EC4E6670032B500 /* Headers */ = {
			isa = PBXHeadersBuildPhase;
			buildActionMask = 2147483647;
			files = (
			);
			runOnlyForDeploymentPostprocessing = 0;
		};
/* End PBXHeadersBuildPhase section */

/* Begin PBXNativeTarget section */
		054BFFED1EC4E60B0032B500 /* ShellKit */ = {
			isa = PBXNativeTarget;
			buildConfigurationList = 054BFFF31EC4E60B0032B500 /* Build configuration list for PBXNativeTarget "ShellKit" */;
			buildPhases = (
				054BFFE91EC4E60B0032B500 /* Sources */,
				054BFFEA1EC4E60B0032B500 /* Frameworks */,
				054BFFEB1EC4E60B0032B500 /* Headers */,
				054BFFEC1EC4E60B0032B500 /* Resources */,
			);
			buildRules = (
			);
			dependencies = (
			);
			name = ShellKit;
			productName = ShellKit;
			productReference = 054BFFEE1EC4E60B0032B500 /* ShellKit.framework */;
			productType = "com.apple.product-type.framework";
		};
		054BFFFA1EC4E6670032B500 /* ShellKit-Static */ = {
			isa = PBXNativeTarget;
			buildConfigurationList = 054B00011EC4E6670032B500 /* Build configuration list for PBXNativeTarget "ShellKit-Static" */;
			buildPhases = (
				054BFFF71EC4E6670032B500 /* Sources */,
				054BFFF81EC4E6670032B500 /* Frameworks */,
				054BFFF91EC4E6670032B500 /* Headers */,
			);
			buildRules = (
			);
			dependencies = (
			);
			name = "ShellKit-Static";
			productName = "ShellKit-Static";
			productReference = 054BFFFB1EC4E6670032B500 /* libShellKit-Static.a */;
			productType = "com.apple.product-type.library.static";
		};
		05CF70391EC4FE2C00A39841 /* ShellKit-Test */ = {
			isa = PBXNativeTarget;
			buildConfigurationList = 05CF70401EC4FE2C00A39841 /* Build configuration list for PBXNativeTarget "ShellKit-Test" */;
			buildPhases = (
				05CF70361EC4FE2C00A39841 /* Sources */,
				05CF70371EC4FE2C00A39841 /* Frameworks */,
				05CF70381EC4FE2C00A39841 /* CopyFiles */,
			);
			buildRules = (
			);
			dependencies = (
				05CF70421EC4FE4600A39841 /* PBXTargetDependency */,
			);
			name = "ShellKit-Test";
			productName = "ShellKit-Test";
			productReference = 05CF703A1EC4FE2C00A39841 /* ShellKit-Test */;
			productType = "com.apple.product-type.tool";
		};
/* End PBXNativeTarget section */

/* Begin PBXProject section */
		05BD894A1A13FF4700A43CD8 /* Project object */ = {
			isa = PBXProject;
			attributes = {
				LastUpgradeCheck = 0820;
				ORGANIZATIONNAME = "XS-Labs";
				TargetAttributes = {
					054BFFED1EC4E60B0032B500 = {
						CreatedOnToolsVersion = 8.3.1;
						ProvisioningStyle = Automatic;
					};
					054BFFFA1EC4E6670032B500 = {
						CreatedOnToolsVersion = 8.3.1;
						ProvisioningStyle = Automatic;
					};
					05CF70391EC4FE2C00A39841 = {
						CreatedOnToolsVersion = 8.3.1;
						ProvisioningStyle = Automatic;
					};
				};
			};
			buildConfigurationList = 05BD894D1A13FF4700A43CD8 /* Build configuration list for PBXProject "ShellKit" */;
			compatibilityVersion = "Xcode 3.2";
			developmentRegion = English;
			hasScannedForEncodings = 0;
			knownRegions = (
				en,
			);
			mainGroup = 05BD89491A13FF4700A43CD8;
			productRefGroup = 05BD89531A13FF4700A43CD8 /* Products */;
			projectDirPath = "";
			projectRoot = "";
			targets = (
				054BFFED1EC4E60B0032B500 /* ShellKit */,
				054BFFFA1EC4E6670032B500 /* ShellKit-Static */,
				05CF70391EC4FE2C00A39841 /* ShellKit-Test */,
			);
		};
/* End PBXProject section */

/* Begin PBXResourcesBuildPhase section */
		054BFFEC1EC4E60B0032B500 /* Resources */ = {
			isa = PBXResourcesBuildPhase;
			buildActionMask = 2147483647;
			files = (
			);
			runOnlyForDeploymentPostprocessing = 0;
		};
/* End PBXResourcesBuildPhase section */

/* Begin PBXSourcesBuildPhase section */
		054BFFE91EC4E60B0032B500 /* Sources */ = {
			isa = PBXSourcesBuildPhase;
			buildActionMask = 2147483647;
			files = (
				054B00501EC4EA050032B500 /* NSString+ShellKit.m in Sources */,
				054B00421EC4E8D20032B500 /* SKShell.m in Sources */,
				058F79241EC610FE007CFF3A /* SKOptionalTask.m in Sources */,
				054B004A1EC4E8D20032B500 /* SKTaskGroup.m in Sources */,
				051DFF4A1EC55032009A4319 /* NSDate+ShellKit.m in Sources */,
				054B003C1EC4E8D20032B500 /* SKObject.m in Sources */,
				054B00461EC4E8D20032B500 /* SKTask.m in Sources */,
			);
			runOnlyForDeploymentPostprocessing = 0;
		};
		054BFFF71EC4E6670032B500 /* Sources */ = {
			isa = PBXSourcesBuildPhase;
			buildActionMask = 2147483647;
			files = (
				054B00511EC4EA050032B500 /* NSString+ShellKit.m in Sources */,
				054B00431EC4E8D20032B500 /* SKShell.m in Sources */,
				058F79251EC61144007CFF3A /* SKOptionalTask.m in Sources */,
				054B004B1EC4E8D20032B500 /* SKTaskGroup.m in Sources */,
				051DFF4B1EC55040009A4319 /* NSDate+ShellKit.m in Sources */,
				054B003D1EC4E8D20032B500 /* SKObject.m in Sources */,
				054B00471EC4E8D20032B500 /* SKTask.m in Sources */,
			);
			runOnlyForDeploymentPostprocessing = 0;
		};
		05CF70361EC4FE2C00A39841 /* Sources */ = {
			isa = PBXSourcesBuildPhase;
			buildActionMask = 2147483647;
			files = (
				05CF703D1EC4FE2C00A39841 /* main.m in Sources */,
			);
			runOnlyForDeploymentPostprocessing = 0;
		};
/* End PBXSourcesBuildPhase section */

/* Begin PBXTargetDependency section */
		05CF70421EC4FE4600A39841 /* PBXTargetDependency */ = {
			isa = PBXTargetDependency;
			target = 054BFFED1EC4E60B0032B500 /* ShellKit */;
			targetProxy = 05CF70411EC4FE4600A39841 /* PBXContainerItemProxy */;
		};
/* End PBXTargetDependency section */

/* Begin XCBuildConfiguration section */
		054B00021EC4E6670032B500 /* Debug */ = {
			isa = XCBuildConfiguration;
			buildSettings = {
				CODE_SIGN_IDENTITY = "-";
				EXECUTABLE_PREFIX = lib;
				PRODUCT_NAME = "$(TARGET_NAME)";
			};
			name = Debug;
		};
		054B00031EC4E6670032B500 /* Release */ = {
			isa = XCBuildConfiguration;
			buildSettings = {
				CODE_SIGN_IDENTITY = "-";
				EXECUTABLE_PREFIX = lib;
				PRODUCT_NAME = "$(TARGET_NAME)";
			};
			name = Release;
		};
		054BFFF41EC4E60B0032B500 /* Debug */ = {
			isa = XCBuildConfiguration;
			buildSettings = {
				CODE_SIGN_IDENTITY = "-";
				CURRENT_PROJECT_VERSION = 1;
				DEFINES_MODULE = YES;
				DYLIB_COMPATIBILITY_VERSION = 1;
				DYLIB_CURRENT_VERSION = 1;
				DYLIB_INSTALL_NAME_BASE = "@rpath";
				FRAMEWORK_VERSION = A;
				INFOPLIST_FILE = ShellKit/Info.plist;
				INSTALL_PATH = "$(LOCAL_LIBRARY_DIR)/Frameworks";
				LD_RUNPATH_SEARCH_PATHS = "$(inherited) @executable_path/../Frameworks @loader_path/Frameworks";
				PRODUCT_BUNDLE_IDENTIFIER = "com.xs-labs.ShellKit";
				PRODUCT_NAME = "$(TARGET_NAME)";
				VERSIONING_SYSTEM = "apple-generic";
				VERSION_INFO_PREFIX = "";
			};
			name = Debug;
		};
		054BFFF51EC4E60B0032B500 /* Release */ = {
			isa = XCBuildConfiguration;
			buildSettings = {
				CODE_SIGN_IDENTITY = "-";
				CURRENT_PROJECT_VERSION = 1;
				DEFINES_MODULE = YES;
				DYLIB_COMPATIBILITY_VERSION = 1;
				DYLIB_CURRENT_VERSION = 1;
				DYLIB_INSTALL_NAME_BASE = "@rpath";
				FRAMEWORK_VERSION = A;
				INFOPLIST_FILE = ShellKit/Info.plist;
				INSTALL_PATH = "$(LOCAL_LIBRARY_DIR)/Frameworks";
				LD_RUNPATH_SEARCH_PATHS = "$(inherited) @executable_path/../Frameworks @loader_path/Frameworks";
				PRODUCT_BUNDLE_IDENTIFIER = "com.xs-labs.ShellKit";
				PRODUCT_NAME = "$(TARGET_NAME)";
				VERSIONING_SYSTEM = "apple-generic";
				VERSION_INFO_PREFIX = "";
			};
			name = Release;
		};
		05BD89571A13FF4700A43CD8 /* Debug */ = {
			isa = XCBuildConfiguration;
			buildSettings = {
				ALWAYS_SEARCH_USER_PATHS = NO;
				CLANG_ANALYZER_DEADCODE_DEADSTORES = YES;
				CLANG_ANALYZER_GCD = YES;
				CLANG_ANALYZER_LOCALIZABILITY_EMPTY_CONTEXT = YES;
				CLANG_ANALYZER_LOCALIZABILITY_NONLOCALIZED = YES;
				CLANG_ANALYZER_MEMORY_MANAGEMENT = YES;
				CLANG_ANALYZER_NONNULL = YES;
				CLANG_ANALYZER_NUMBER_OBJECT_CONVERSION = YES_AGGRESSIVE;
				CLANG_ANALYZER_OBJC_ATSYNC = YES;
				CLANG_ANALYZER_OBJC_COLLECTIONS = YES;
				CLANG_ANALYZER_OBJC_DEALLOC = YES;
				CLANG_ANALYZER_OBJC_GENERICS = YES;
				CLANG_ANALYZER_OBJC_INCOMP_METHOD_TYPES = YES;
				CLANG_ANALYZER_OBJC_NSCFERROR = YES;
				CLANG_ANALYZER_OBJC_RETAIN_COUNT = YES;
				CLANG_ANALYZER_OBJC_SELF_INIT = YES;
				CLANG_ANALYZER_OBJC_UNUSED_IVARS = YES;
				CLANG_ANALYZER_SECURITY_FLOATLOOPCOUNTER = YES;
				CLANG_ANALYZER_SECURITY_INSECUREAPI_GETPW_GETS = YES;
				CLANG_ANALYZER_SECURITY_INSECUREAPI_MKSTEMP = YES;
				CLANG_ANALYZER_SECURITY_INSECUREAPI_RAND = YES;
				CLANG_ANALYZER_SECURITY_INSECUREAPI_STRCPY = YES;
				CLANG_ANALYZER_SECURITY_INSECUREAPI_UNCHECKEDRETURN = YES;
				CLANG_ANALYZER_SECURITY_INSECUREAPI_VFORK = YES;
				CLANG_ANALYZER_SECURITY_KEYCHAIN_API = YES;
				CLANG_CXX_LANGUAGE_STANDARD = "c++0x";
				CLANG_CXX_LIBRARY = "libc++";
				CLANG_ENABLE_MODULES = NO;
				CLANG_ENABLE_OBJC_ARC = YES;
				CLANG_STATIC_ANALYZER_MODE = deep;
				CLANG_STATIC_ANALYZER_MODE_ON_ANALYZE_ACTION = deep;
				CLANG_WARN_ASSIGN_ENUM = YES;
				CLANG_WARN_BOOL_CONVERSION = YES;
				CLANG_WARN_CONSTANT_CONVERSION = YES;
				CLANG_WARN_CXX0X_EXTENSIONS = YES;
				CLANG_WARN_DEPRECATED_OBJC_IMPLEMENTATIONS = YES;
				CLANG_WARN_DIRECT_OBJC_ISA_USAGE = YES_ERROR;
				CLANG_WARN_DOCUMENTATION_COMMENTS = YES;
				CLANG_WARN_EMPTY_BODY = YES;
				CLANG_WARN_ENUM_CONVERSION = YES;
				CLANG_WARN_IMPLICIT_SIGN_CONVERSION = YES;
				CLANG_WARN_INFINITE_RECURSION = YES;
				CLANG_WARN_INT_CONVERSION = YES;
				CLANG_WARN_OBJC_EXPLICIT_OWNERSHIP_TYPE = YES;
				CLANG_WARN_OBJC_IMPLICIT_ATOMIC_PROPERTIES = YES;
				CLANG_WARN_OBJC_IMPLICIT_RETAIN_SELF = YES;
				CLANG_WARN_OBJC_MISSING_PROPERTY_SYNTHESIS = NO;
				CLANG_WARN_OBJC_REPEATED_USE_OF_WEAK = YES;
				CLANG_WARN_OBJC_ROOT_CLASS = YES_ERROR;
				CLANG_WARN_SUSPICIOUS_IMPLICIT_CONVERSION = YES;
				CLANG_WARN_SUSPICIOUS_MOVE = YES;
				CLANG_WARN_UNREACHABLE_CODE = YES;
				CLANG_WARN__ARC_BRIDGE_CAST_NONARC = YES;
				CLANG_WARN__DUPLICATE_METHOD_MATCH = YES;
				CLANG_WARN__EXIT_TIME_DESTRUCTORS = YES;
				COMBINE_HIDPI_IMAGES = YES;
				COPY_PHASE_STRIP = NO;
				DEBUG_INFORMATION_FORMAT = dwarf;
				ENABLE_STRICT_OBJC_MSGSEND = YES;
				ENABLE_TESTABILITY = YES;
				GCC_C_LANGUAGE_STANDARD = c11;
				GCC_DYNAMIC_NO_PIC = NO;
				GCC_ENABLE_CPP_EXCEPTIONS = YES;
				GCC_ENABLE_CPP_RTTI = YES;
				GCC_NO_COMMON_BLOCKS = YES;
				GCC_OPTIMIZATION_LEVEL = 0;
				GCC_PREPROCESSOR_DEFINITIONS = (
					"DEBUG=1",
					"$(inherited)",
				);
				GCC_SYMBOLS_PRIVATE_EXTERN = NO;
				GCC_TREAT_IMPLICIT_FUNCTION_DECLARATIONS_AS_ERRORS = YES;
				GCC_TREAT_INCOMPATIBLE_POINTER_TYPE_WARNINGS_AS_ERRORS = YES;
				GCC_TREAT_WARNINGS_AS_ERRORS = YES;
				GCC_WARN_64_TO_32_BIT_CONVERSION = YES;
				GCC_WARN_ABOUT_DEPRECATED_FUNCTIONS = YES;
				GCC_WARN_ABOUT_INVALID_OFFSETOF_MACRO = YES;
				GCC_WARN_ABOUT_MISSING_FIELD_INITIALIZERS = YES;
				GCC_WARN_ABOUT_MISSING_NEWLINE = YES;
				GCC_WARN_ABOUT_MISSING_PROTOTYPES = YES;
				GCC_WARN_ABOUT_POINTER_SIGNEDNESS = YES;
				GCC_WARN_ABOUT_RETURN_TYPE = YES_ERROR;
				GCC_WARN_ALLOW_INCOMPLETE_PROTOCOL = YES;
				GCC_WARN_CHECK_SWITCH_STATEMENTS = YES;
				GCC_WARN_FOUR_CHARACTER_CONSTANTS = YES;
				GCC_WARN_HIDDEN_VIRTUAL_FUNCTIONS = YES;
				GCC_WARN_INHIBIT_ALL_WARNINGS = NO;
				GCC_WARN_INITIALIZER_NOT_FULLY_BRACKETED = YES;
				GCC_WARN_MISSING_PARENTHESES = YES;
				GCC_WARN_NON_VIRTUAL_DESTRUCTOR = YES;
				GCC_WARN_PEDANTIC = YES;
				GCC_WARN_SHADOW = YES;
				GCC_WARN_SIGN_COMPARE = YES;
				GCC_WARN_STRICT_SELECTOR_MATCH = YES;
				GCC_WARN_TYPECHECK_CALLS_TO_PRINTF = YES;
				GCC_WARN_UNDECLARED_SELECTOR = YES;
				GCC_WARN_UNINITIALIZED_AUTOS = YES_AGGRESSIVE;
				GCC_WARN_UNKNOWN_PRAGMAS = YES;
				GCC_WARN_UNUSED_FUNCTION = YES;
				GCC_WARN_UNUSED_LABEL = YES;
				GCC_WARN_UNUSED_PARAMETER = YES;
				GCC_WARN_UNUSED_VALUE = YES;
				GCC_WARN_UNUSED_VARIABLE = YES;
				LLVM_LTO = YES_THIN;
				MACOSX_DEPLOYMENT_TARGET = 10.8;
				ONLY_ACTIVE_ARCH = YES;
				RUN_CLANG_STATIC_ANALYZER = YES;
				SDKROOT = macosx;
				SKIP_INSTALL = YES;
			};
			name = Debug;
		};
		05BD89581A13FF4700A43CD8 /* Release */ = {
			isa = XCBuildConfiguration;
			buildSettings = {
				ALWAYS_SEARCH_USER_PATHS = NO;
				CLANG_ANALYZER_DEADCODE_DEADSTORES = YES;
				CLANG_ANALYZER_GCD = YES;
				CLANG_ANALYZER_LOCALIZABILITY_EMPTY_CONTEXT = YES;
				CLANG_ANALYZER_LOCALIZABILITY_NONLOCALIZED = YES;
				CLANG_ANALYZER_MEMORY_MANAGEMENT = YES;
				CLANG_ANALYZER_NONNULL = YES;
				CLANG_ANALYZER_NUMBER_OBJECT_CONVERSION = YES_AGGRESSIVE;
				CLANG_ANALYZER_OBJC_ATSYNC = YES;
				CLANG_ANALYZER_OBJC_COLLECTIONS = YES;
				CLANG_ANALYZER_OBJC_DEALLOC = YES;
				CLANG_ANALYZER_OBJC_GENERICS = YES;
				CLANG_ANALYZER_OBJC_INCOMP_METHOD_TYPES = YES;
				CLANG_ANALYZER_OBJC_NSCFERROR = YES;
				CLANG_ANALYZER_OBJC_RETAIN_COUNT = YES;
				CLANG_ANALYZER_OBJC_SELF_INIT = YES;
				CLANG_ANALYZER_OBJC_UNUSED_IVARS = YES;
				CLANG_ANALYZER_SECURITY_FLOATLOOPCOUNTER = YES;
				CLANG_ANALYZER_SECURITY_INSECUREAPI_GETPW_GETS = YES;
				CLANG_ANALYZER_SECURITY_INSECUREAPI_MKSTEMP = YES;
				CLANG_ANALYZER_SECURITY_INSECUREAPI_RAND = YES;
				CLANG_ANALYZER_SECURITY_INSECUREAPI_STRCPY = YES;
				CLANG_ANALYZER_SECURITY_INSECUREAPI_UNCHECKEDRETURN = YES;
				CLANG_ANALYZER_SECURITY_INSECUREAPI_VFORK = YES;
				CLANG_ANALYZER_SECURITY_KEYCHAIN_API = YES;
				CLANG_CXX_LANGUAGE_STANDARD = "c++0x";
				CLANG_CXX_LIBRARY = "libc++";
				CLANG_ENABLE_MODULES = NO;
				CLANG_ENABLE_OBJC_ARC = YES;
				CLANG_STATIC_ANALYZER_MODE = deep;
				CLANG_STATIC_ANALYZER_MODE_ON_ANALYZE_ACTION = deep;
				CLANG_WARN_ASSIGN_ENUM = YES;
				CLANG_WARN_BOOL_CONVERSION = YES;
				CLANG_WARN_CONSTANT_CONVERSION = YES;
				CLANG_WARN_CXX0X_EXTENSIONS = YES;
				CLANG_WARN_DEPRECATED_OBJC_IMPLEMENTATIONS = YES;
				CLANG_WARN_DIRECT_OBJC_ISA_USAGE = YES_ERROR;
				CLANG_WARN_DOCUMENTATION_COMMENTS = YES;
				CLANG_WARN_EMPTY_BODY = YES;
				CLANG_WARN_ENUM_CONVERSION = YES;
				CLANG_WARN_IMPLICIT_SIGN_CONVERSION = YES;
				CLANG_WARN_INFINITE_RECURSION = YES;
				CLANG_WARN_INT_CONVERSION = YES;
				CLANG_WARN_OBJC_EXPLICIT_OWNERSHIP_TYPE = YES;
				CLANG_WARN_OBJC_IMPLICIT_ATOMIC_PROPERTIES = YES;
				CLANG_WARN_OBJC_IMPLICIT_RETAIN_SELF = YES;
				CLANG_WARN_OBJC_MISSING_PROPERTY_SYNTHESIS = NO;
				CLANG_WARN_OBJC_REPEATED_USE_OF_WEAK = YES;
				CLANG_WARN_OBJC_ROOT_CLASS = YES_ERROR;
				CLANG_WARN_SUSPICIOUS_IMPLICIT_CONVERSION = YES;
				CLANG_WARN_SUSPICIOUS_MOVE = YES;
				CLANG_WARN_UNREACHABLE_CODE = YES;
				CLANG_WARN__ARC_BRIDGE_CAST_NONARC = YES;
				CLANG_WARN__DUPLICATE_METHOD_MATCH = YES;
				CLANG_WARN__EXIT_TIME_DESTRUCTORS = YES;
				COMBINE_HIDPI_IMAGES = YES;
				COPY_PHASE_STRIP = YES;
				DEBUG_INFORMATION_FORMAT = "dwarf-with-dsym";
				ENABLE_NS_ASSERTIONS = NO;
				ENABLE_STRICT_OBJC_MSGSEND = YES;
				GCC_C_LANGUAGE_STANDARD = c11;
				GCC_ENABLE_CPP_EXCEPTIONS = YES;
				GCC_ENABLE_CPP_RTTI = YES;
				GCC_NO_COMMON_BLOCKS = YES;
				GCC_OPTIMIZATION_LEVEL = s;
				GCC_TREAT_IMPLICIT_FUNCTION_DECLARATIONS_AS_ERRORS = YES;
				GCC_TREAT_INCOMPATIBLE_POINTER_TYPE_WARNINGS_AS_ERRORS = YES;
				GCC_TREAT_WARNINGS_AS_ERRORS = YES;
				GCC_WARN_64_TO_32_BIT_CONVERSION = YES;
				GCC_WARN_ABOUT_DEPRECATED_FUNCTIONS = YES;
				GCC_WARN_ABOUT_INVALID_OFFSETOF_MACRO = YES;
				GCC_WARN_ABOUT_MISSING_FIELD_INITIALIZERS = YES;
				GCC_WARN_ABOUT_MISSING_NEWLINE = YES;
				GCC_WARN_ABOUT_MISSING_PROTOTYPES = YES;
				GCC_WARN_ABOUT_POINTER_SIGNEDNESS = YES;
				GCC_WARN_ABOUT_RETURN_TYPE = YES_ERROR;
				GCC_WARN_ALLOW_INCOMPLETE_PROTOCOL = YES;
				GCC_WARN_CHECK_SWITCH_STATEMENTS = YES;
				GCC_WARN_FOUR_CHARACTER_CONSTANTS = YES;
				GCC_WARN_HIDDEN_VIRTUAL_FUNCTIONS = YES;
				GCC_WARN_INHIBIT_ALL_WARNINGS = NO;
				GCC_WARN_INITIALIZER_NOT_FULLY_BRACKETED = YES;
				GCC_WARN_MISSING_PARENTHESES = YES;
				GCC_WARN_NON_VIRTUAL_DESTRUCTOR = YES;
				GCC_WARN_PEDANTIC = YES;
				GCC_WARN_SHADOW = YES;
				GCC_WARN_SIGN_COMPARE = YES;
				GCC_WARN_STRICT_SELECTOR_MATCH = YES;
				GCC_WARN_TYPECHECK_CALLS_TO_PRINTF = YES;
				GCC_WARN_UNDECLARED_SELECTOR = YES;
				GCC_WARN_UNINITIALIZED_AUTOS = YES_AGGRESSIVE;
				GCC_WARN_UNKNOWN_PRAGMAS = YES;
				GCC_WARN_UNUSED_FUNCTION = YES;
				GCC_WARN_UNUSED_LABEL = YES;
				GCC_WARN_UNUSED_PARAMETER = YES;
				GCC_WARN_UNUSED_VALUE = YES;
				GCC_WARN_UNUSED_VARIABLE = YES;
				LLVM_LTO = YES_THIN;
				MACOSX_DEPLOYMENT_TARGET = 10.8;
				RUN_CLANG_STATIC_ANALYZER = YES;
				SDKROOT = macosx;
				SKIP_INSTALL = YES;
			};
			name = Release;
		};
		05CF703E1EC4FE2C00A39841 /* Debug */ = {
			isa = XCBuildConfiguration;
			buildSettings = {
				CODE_SIGN_IDENTITY = "-";
				OTHER_LDFLAGS = (
					"-ObjC",
					"-all_load",
				);
				PRODUCT_NAME = "$(TARGET_NAME)";
				SKIP_INSTALL = NO;
			};
			name = Debug;
		};
		05CF703F1EC4FE2C00A39841 /* Release */ = {
			isa = XCBuildConfiguration;
			buildSettings = {
				CODE_SIGN_IDENTITY = "-";
				OTHER_LDFLAGS = (
					"-ObjC",
					"-all_load",
				);
				PRODUCT_NAME = "$(TARGET_NAME)";
				SKIP_INSTALL = NO;
			};
			name = Release;
		};
/* End XCBuildConfiguration section */

/* Begin XCConfigurationList section */
		054B00011EC4E6670032B500 /* Build configuration list for PBXNativeTarget "ShellKit-Static" */ = {
			isa = XCConfigurationList;
			buildConfigurations = (
				054B00021EC4E6670032B500 /* Debug */,
				054B00031EC4E6670032B500 /* Release */,
			);
			defaultConfigurationIsVisible = 0;
			defaultConfigurationName = Release;
		};
		054BFFF31EC4E60B0032B500 /* Build configuration list for PBXNativeTarget "ShellKit" */ = {
			isa = XCConfigurationList;
			buildConfigurations = (
				054BFFF41EC4E60B0032B500 /* Debug */,
				054BFFF51EC4E60B0032B500 /* Release */,
			);
			defaultConfigurationIsVisible = 0;
			defaultConfigurationName = Release;
		};
		05BD894D1A13FF4700A43CD8 /* Build configuration list for PBXProject "ShellKit" */ = {
			isa = XCConfigurationList;
			buildConfigurations = (
				05BD89571A13FF4700A43CD8 /* Debug */,
				05BD89581A13FF4700A43CD8 /* Release */,
			);
			defaultConfigurationIsVisible = 0;
			defaultConfigurationName = Release;
		};
		05CF70401EC4FE2C00A39841 /* Build configuration list for PBXNativeTarget "ShellKit-Test" */ = {
			isa = XCConfigurationList;
			buildConfigurations = (
				05CF703E1EC4FE2C00A39841 /* Debug */,
				05CF703F1EC4FE2C00A39841 /* Release */,
			);
			defaultConfigurationIsVisible = 0;
			defaultConfigurationName = Release;
		};
/* End XCConfigurationList section */
	};
	rootObject = 05BD894A1A13FF4700A43CD8 /* Project object */;
}
